// !$*UTF8*$!
{
	archiveVersion = 1;
	classes = {
	};
	objectVersion = 56;
	objects = {

/* Begin PBXBuildFile section */
		FF81EB192BC5480000D6C7E6 /* Charts_SwiftUIApp.swift in Sources */ = {isa = PBXBuildFile; fileRef = FF81EB182BC5480000D6C7E6 /* Charts_SwiftUIApp.swift */; };
		FF81EB1B2BC5480000D6C7E6 /* ContentView.swift in Sources */ = {isa = PBXBuildFile; fileRef = FF81EB1A2BC5480000D6C7E6 /* ContentView.swift */; };
		FF81EB1D2BC5480200D6C7E6 /* Assets.xcassets in Resources */ = {isa = PBXBuildFile; fileRef = FF81EB1C2BC5480200D6C7E6 /* Assets.xcassets */; };
		FF81EB202BC5480200D6C7E6 /* Preview Assets.xcassets in Resources */ = {isa = PBXBuildFile; fileRef = FF81EB1F2BC5480200D6C7E6 /* Preview Assets.xcassets */; };
		FF81EB2A2BC5480200D6C7E6 /* Charts_SwiftUITests.swift in Sources */ = {isa = PBXBuildFile; fileRef = FF81EB292BC5480200D6C7E6 /* Charts_SwiftUITests.swift */; };
		FF81EB342BC5480200D6C7E6 /* Charts_SwiftUIUITests.swift in Sources */ = {isa = PBXBuildFile; fileRef = FF81EB332BC5480200D6C7E6 /* Charts_SwiftUIUITests.swift */; };
		FF81EB362BC5480200D6C7E6 /* Charts_SwiftUIUITestsLaunchTests.swift in Sources */ = {isa = PBXBuildFile; fileRef = FF81EB352BC5480200D6C7E6 /* Charts_SwiftUIUITestsLaunchTests.swift */; };
/* End PBXBuildFile section */

/* Begin PBXContainerItemProxy section */
		FF81EB262BC5480200D6C7E6 /* PBXContainerItemProxy */ = {
			isa = PBXContainerItemProxy;
			containerPortal = FF81EB0D2BC5480000D6C7E6 /* Project object */;
			proxyType = 1;
			remoteGlobalIDString = FF81EB142BC5480000D6C7E6;
			remoteInfo = "Charts-SwiftUI";
		};
		FF81EB302BC5480200D6C7E6 /* PBXContainerItemProxy */ = {
			isa = PBXContainerItemProxy;
			containerPortal = FF81EB0D2BC5480000D6C7E6 /* Project object */;
			proxyType = 1;
			remoteGlobalIDString = FF81EB142BC5480000D6C7E6;
			remoteInfo = "Charts-SwiftUI";
		};
/* End PBXContainerItemProxy section */

/* Begin PBXFileReference section */
		FF81EB152BC5480000D6C7E6 /* Charts-SwiftUI.app */ = {isa = PBXFileReference; explicitFileType = wrapper.application; includeInIndex = 0; path = "Charts-SwiftUI.app"; sourceTree = BUILT_PRODUCTS_DIR; };
		FF81EB182BC5480000D6C7E6 /* Charts_SwiftUIApp.swift */ = {isa = PBXFileReference; lastKnownFileType = sourcecode.swift; path = Charts_SwiftUIApp.swift; sourceTree = "<group>"; };
		FF81EB1A2BC5480000D6C7E6 /* ContentView.swift */ = {isa = PBXFileReference; lastKnownFileType = sourcecode.swift; path = ContentView.swift; sourceTree = "<group>"; };
		FF81EB1C2BC5480200D6C7E6 /* Assets.xcassets */ = {isa = PBXFileReference; lastKnownFileType = folder.assetcatalog; path = Assets.xcassets; sourceTree = "<group>"; };
		FF81EB1F2BC5480200D6C7E6 /* Preview Assets.xcassets */ = {isa = PBXFileReference; lastKnownFileType = folder.assetcatalog; path = "Preview Assets.xcassets"; sourceTree = "<group>"; };
		FF81EB252BC5480200D6C7E6 /* Charts-SwiftUITests.xctest */ = {isa = PBXFileReference; explicitFileType = wrapper.cfbundle; includeInIndex = 0; path = "Charts-SwiftUITests.xctest"; sourceTree = BUILT_PRODUCTS_DIR; };
		FF81EB292BC5480200D6C7E6 /* Charts_SwiftUITests.swift */ = {isa = PBXFileReference; lastKnownFileType = sourcecode.swift; path = Charts_SwiftUITests.swift; sourceTree = "<group>"; };
		FF81EB2F2BC5480200D6C7E6 /* Charts-SwiftUIUITests.xctest */ = {isa = PBXFileReference; explicitFileType = wrapper.cfbundle; includeInIndex = 0; path = "Charts-SwiftUIUITests.xctest"; sourceTree = BUILT_PRODUCTS_DIR; };
		FF81EB332BC5480200D6C7E6 /* Charts_SwiftUIUITests.swift */ = {isa = PBXFileReference; lastKnownFileType = sourcecode.swift; path = Charts_SwiftUIUITests.swift; sourceTree = "<group>"; };
		FF81EB352BC5480200D6C7E6 /* Charts_SwiftUIUITestsLaunchTests.swift */ = {isa = PBXFileReference; lastKnownFileType = sourcecode.swift; path = Charts_SwiftUIUITestsLaunchTests.swift; sourceTree = "<group>"; };
/* End PBXFileReference section */

/* Begin PBXFrameworksBuildPhase section */
		FF81EB122BC5480000D6C7E6 /* Frameworks */ = {
			isa = PBXFrameworksBuildPhase;
			buildActionMask = 2147483647;
			files = (
			);
			runOnlyForDeploymentPostprocessing = 0;
		};
		FF81EB222BC5480200D6C7E6 /* Frameworks */ = {
			isa = PBXFrameworksBuildPhase;
			buildActionMask = 2147483647;
			files = (
			);
			runOnlyForDeploymentPostprocessing = 0;
		};
		FF81EB2C2BC5480200D6C7E6 /* Frameworks */ = {
			isa = PBXFrameworksBuildPhase;
			buildActionMask = 2147483647;
			files = (
			);
			runOnlyForDeploymentPostprocessing = 0;
		};
/* End PBXFrameworksBuildPhase section */

/* Begin PBXGroup section */
		FF81EB0C2BC5480000D6C7E6 = {
			isa = PBXGroup;
			children = (
				FF81EB172BC5480000D6C7E6 /* Charts-SwiftUI */,
				FF81EB282BC5480200D6C7E6 /* Charts-SwiftUITests */,
				FF81EB322BC5480200D6C7E6 /* Charts-SwiftUIUITests */,
				FF81EB162BC5480000D6C7E6 /* Products */,
			);
			sourceTree = "<group>";
		};
		FF81EB162BC5480000D6C7E6 /* Products */ = {
			isa = PBXGroup;
			children = (
				FF81EB152BC5480000D6C7E6 /* Charts-SwiftUI.app */,
				FF81EB252BC5480200D6C7E6 /* Charts-SwiftUITests.xctest */,
				FF81EB2F2BC5480200D6C7E6 /* Charts-SwiftUIUITests.xctest */,
			);
			name = Products;
			sourceTree = "<group>";
		};
		FF81EB172BC5480000D6C7E6 /* Charts-SwiftUI */ = {
			isa = PBXGroup;
			children = (
				FF81EB182BC5480000D6C7E6 /* Charts_SwiftUIApp.swift */,
				FF81EB1A2BC5480000D6C7E6 /* ContentView.swift */,
				FF81EB1C2BC5480200D6C7E6 /* Assets.xcassets */,
				FF81EB1E2BC5480200D6C7E6 /* Preview Content */,
			);
			path = "Charts-SwiftUI";
			sourceTree = "<group>";
		};
		FF81EB1E2BC5480200D6C7E6 /* Preview Content */ = {
			isa = PBXGroup;
			children = (
				FF81EB1F2BC5480200D6C7E6 /* Preview Assets.xcassets */,
			);
			path = "Preview Content";
			sourceTree = "<group>";
		};
		FF81EB282BC5480200D6C7E6 /* Charts-SwiftUITests */ = {
			isa = PBXGroup;
			children = (
				FF81EB292BC5480200D6C7E6 /* Charts_SwiftUITests.swift */,
			);
			path = "Charts-SwiftUITests";
			sourceTree = "<group>";
		};
		FF81EB322BC5480200D6C7E6 /* Charts-SwiftUIUITests */ = {
			isa = PBXGroup;
			children = (
				FF81EB332BC5480200D6C7E6 /* Charts_SwiftUIUITests.swift */,
				FF81EB352BC5480200D6C7E6 /* Charts_SwiftUIUITestsLaunchTests.swift */,
			);
			path = "Charts-SwiftUIUITests";
			sourceTree = "<group>";
		};
/* End PBXGroup section */

/* Begin PBXNativeTarget section */
		FF81EB142BC5480000D6C7E6 /* Charts-SwiftUI */ = {
			isa = PBXNativeTarget;
			buildConfigurationList = FF81EB392BC5480200D6C7E6 /* Build configuration list for PBXNativeTarget "Charts-SwiftUI" */;
			buildPhases = (
				FF81EB112BC5480000D6C7E6 /* Sources */,
				FF81EB122BC5480000D6C7E6 /* Frameworks */,
				FF81EB132BC5480000D6C7E6 /* Resources */,
			);
			buildRules = (
			);
			dependencies = (
			);
			name = "Charts-SwiftUI";
			productName = "Charts-SwiftUI";
			productReference = FF81EB152BC5480000D6C7E6 /* Charts-SwiftUI.app */;
			productType = "com.apple.product-type.application";
		};
		FF81EB242BC5480200D6C7E6 /* Charts-SwiftUITests */ = {
			isa = PBXNativeTarget;
			buildConfigurationList = FF81EB3C2BC5480200D6C7E6 /* Build configuration list for PBXNativeTarget "Charts-SwiftUITests" */;
			buildPhases = (
				FF81EB212BC5480200D6C7E6 /* Sources */,
				FF81EB222BC5480200D6C7E6 /* Frameworks */,
				FF81EB232BC5480200D6C7E6 /* Resources */,
			);
			buildRules = (
			);
			dependencies = (
				FF81EB272BC5480200D6C7E6 /* PBXTargetDependency */,
			);
			name = "Charts-SwiftUITests";
			productName = "Charts-SwiftUITests";
			productReference = FF81EB252BC5480200D6C7E6 /* Charts-SwiftUITests.xctest */;
			productType = "com.apple.product-type.bundle.unit-test";
		};
		FF81EB2E2BC5480200D6C7E6 /* Charts-SwiftUIUITests */ = {
			isa = PBXNativeTarget;
			buildConfigurationList = FF81EB3F2BC5480200D6C7E6 /* Build configuration list for PBXNativeTarget "Charts-SwiftUIUITests" */;
			buildPhases = (
				FF81EB2B2BC5480200D6C7E6 /* Sources */,
				FF81EB2C2BC5480200D6C7E6 /* Frameworks */,
				FF81EB2D2BC5480200D6C7E6 /* Resources */,
			);
			buildRules = (
			);
			dependencies = (
				FF81EB312BC5480200D6C7E6 /* PBXTargetDependency */,
			);
			name = "Charts-SwiftUIUITests";
			productName = "Charts-SwiftUIUITests";
			productReference = FF81EB2F2BC5480200D6C7E6 /* Charts-SwiftUIUITests.xctest */;
			productType = "com.apple.product-type.bundle.ui-testing";
		};
/* End PBXNativeTarget section */

/* Begin PBXProject section */
		FF81EB0D2BC5480000D6C7E6 /* Project object */ = {
			isa = PBXProject;
			attributes = {
				BuildIndependentTargetsInParallel = 1;
				LastSwiftUpdateCheck = 1520;
				LastUpgradeCheck = 1520;
				TargetAttributes = {
					FF81EB142BC5480000D6C7E6 = {
						CreatedOnToolsVersion = 15.2;
					};
					FF81EB242BC5480200D6C7E6 = {
						CreatedOnToolsVersion = 15.2;
						TestTargetID = FF81EB142BC5480000D6C7E6;
					};
					FF81EB2E2BC5480200D6C7E6 = {
						CreatedOnToolsVersion = 15.2;
						TestTargetID = FF81EB142BC5480000D6C7E6;
					};
				};
			};
			buildConfigurationList = FF81EB102BC5480000D6C7E6 /* Build configuration list for PBXProject "Charts-SwiftUI" */;
			compatibilityVersion = "Xcode 14.0";
			developmentRegion = en;
			hasScannedForEncodings = 0;
			knownRegions = (
				en,
				Base,
			);
			mainGroup = FF81EB0C2BC5480000D6C7E6;
			productRefGroup = FF81EB162BC5480000D6C7E6 /* Products */;
			projectDirPath = "";
			projectRoot = "";
			targets = (
				FF81EB142BC5480000D6C7E6 /* Charts-SwiftUI */,
				FF81EB242BC5480200D6C7E6 /* Charts-SwiftUITests */,
				FF81EB2E2BC5480200D6C7E6 /* Charts-SwiftUIUITests */,
			);
		};
/* End PBXProject section */

/* Begin PBXResourcesBuildPhase section */
		FF81EB132BC5480000D6C7E6 /* Resources */ = {
			isa = PBXResourcesBuildPhase;
			buildActionMask = 2147483647;
			files = (
				FF81EB202BC5480200D6C7E6 /* Preview Assets.xcassets in Resources */,
				FF81EB1D2BC5480200D6C7E6 /* Assets.xcassets in Resources */,
			);
			runOnlyForDeploymentPostprocessing = 0;
		};
		FF81EB232BC5480200D6C7E6 /* Resources */ = {
			isa = PBXResourcesBuildPhase;
			buildActionMask = 2147483647;
			files = (
			);
			runOnlyForDeploymentPostprocessing = 0;
		};
		FF81EB2D2BC5480200D6C7E6 /* Resources */ = {
			isa = PBXResourcesBuildPhase;
			buildActionMask = 2147483647;
			files = (
			);
			runOnlyForDeploymentPostprocessing = 0;
		};
/* End PBXResourcesBuildPhase section */

/* Begin PBXSourcesBuildPhase section */
		FF81EB112BC5480000D6C7E6 /* Sources */ = {
			isa = PBXSourcesBuildPhase;
			buildActionMask = 2147483647;
			files = (
				FF81EB1B2BC5480000D6C7E6 /* ContentView.swift in Sources */,
				FF81EB192BC5480000D6C7E6 /* Charts_SwiftUIApp.swift in Sources */,
			);
			runOnlyForDeploymentPostprocessing = 0;
		};
		FF81EB212BC5480200D6C7E6 /* Sources */ = {
			isa = PBXSourcesBuildPhase;
			buildActionMask = 2147483647;
			files = (
				FF81EB2A2BC5480200D6C7E6 /* Charts_SwiftUITests.swift in Sources */,
			);
			runOnlyForDeploymentPostprocessing = 0;
		};
		FF81EB2B2BC5480200D6C7E6 /* Sources */ = {
			isa = PBXSourcesBuildPhase;
			buildActionMask = 2147483647;
			files = (
				FF81EB342BC5480200D6C7E6 /* Charts_SwiftUIUITests.swift in Sources */,
				FF81EB362BC5480200D6C7E6 /* Charts_SwiftUIUITestsLaunchTests.swift in Sources */,
			);
			runOnlyForDeploymentPostprocessing = 0;
		};
/* End PBXSourcesBuildPhase section */

/* Begin PBXTargetDependency section */
		FF81EB272BC5480200D6C7E6 /* PBXTargetDependency */ = {
			isa = PBXTargetDependency;
			target = FF81EB142BC5480000D6C7E6 /* Charts-SwiftUI */;
			targetProxy = FF81EB262BC5480200D6C7E6 /* PBXContainerItemProxy */;
		};
		FF81EB312BC5480200D6C7E6 /* PBXTargetDependency */ = {
			isa = PBXTargetDependency;
			target = FF81EB142BC5480000D6C7E6 /* Charts-SwiftUI */;
			targetProxy = FF81EB302BC5480200D6C7E6 /* PBXContainerItemProxy */;
		};
/* End PBXTargetDependency section */

/* Begin XCBuildConfiguration section */
		FF81EB372BC5480200D6C7E6 /* Debug */ = {
			isa = XCBuildConfiguration;
			buildSettings = {
				ALWAYS_SEARCH_USER_PATHS = NO;
				ASSETCATALOG_COMPILER_GENERATE_SWIFT_ASSET_SYMBOL_EXTENSIONS = YES;
				CLANG_ANALYZER_NONNULL = YES;
				CLANG_ANALYZER_NUMBER_OBJECT_CONVERSION = YES_AGGRESSIVE;
				CLANG_CXX_LANGUAGE_STANDARD = "gnu++20";
				CLANG_ENABLE_MODULES = YES;
				CLANG_ENABLE_OBJC_ARC = YES;
				CLANG_ENABLE_OBJC_WEAK = YES;
				CLANG_WARN_BLOCK_CAPTURE_AUTORELEASING = YES;
				CLANG_WARN_BOOL_CONVERSION = YES;
				CLANG_WARN_COMMA = YES;
				CLANG_WARN_CONSTANT_CONVERSION = YES;
				CLANG_WARN_DEPRECATED_OBJC_IMPLEMENTATIONS = YES;
				CLANG_WARN_DIRECT_OBJC_ISA_USAGE = YES_ERROR;
				CLANG_WARN_DOCUMENTATION_COMMENTS = YES;
				CLANG_WARN_EMPTY_BODY = YES;
				CLANG_WARN_ENUM_CONVERSION = YES;
				CLANG_WARN_INFINITE_RECURSION = YES;
				CLANG_WARN_INT_CONVERSION = YES;
				CLANG_WARN_NON_LITERAL_NULL_CONVERSION = YES;
				CLANG_WARN_OBJC_IMPLICIT_RETAIN_SELF = YES;
				CLANG_WARN_OBJC_LITERAL_CONVERSION = YES;
				CLANG_WARN_OBJC_ROOT_CLASS = YES_ERROR;
				CLANG_WARN_QUOTED_INCLUDE_IN_FRAMEWORK_HEADER = YES;
				CLANG_WARN_RANGE_LOOP_ANALYSIS = YES;
				CLANG_WARN_STRICT_PROTOTYPES = YES;
				CLANG_WARN_SUSPICIOUS_MOVE = YES;
				CLANG_WARN_UNGUARDED_AVAILABILITY = YES_AGGRESSIVE;
				CLANG_WARN_UNREACHABLE_CODE = YES;
				CLANG_WARN__DUPLICATE_METHOD_MATCH = YES;
				COPY_PHASE_STRIP = NO;
				DEBUG_INFORMATION_FORMAT = dwarf;
				ENABLE_STRICT_OBJC_MSGSEND = YES;
				ENABLE_TESTABILITY = YES;
				ENABLE_USER_SCRIPT_SANDBOXING = YES;
				GCC_C_LANGUAGE_STANDARD = gnu17;
				GCC_DYNAMIC_NO_PIC = NO;
				GCC_NO_COMMON_BLOCKS = YES;
				GCC_OPTIMIZATION_LEVEL = 0;
				GCC_PREPROCESSOR_DEFINITIONS = (
					"DEBUG=1",
					"$(inherited)",
				);
				GCC_WARN_64_TO_32_BIT_CONVERSION = YES;
				GCC_WARN_ABOUT_RETURN_TYPE = YES_ERROR;
				GCC_WARN_UNDECLARED_SELECTOR = YES;
				GCC_WARN_UNINITIALIZED_AUTOS = YES_AGGRESSIVE;
				GCC_WARN_UNUSED_FUNCTION = YES;
				GCC_WARN_UNUSED_VARIABLE = YES;
				IPHONEOS_DEPLOYMENT_TARGET = 17.2;
				LOCALIZATION_PREFERS_STRING_CATALOGS = YES;
				MTL_ENABLE_DEBUG_INFO = INCLUDE_SOURCE;
				MTL_FAST_MATH = YES;
				ONLY_ACTIVE_ARCH = YES;
				SDKROOT = iphoneos;
				SWIFT_ACTIVE_COMPILATION_CONDITIONS = "DEBUG $(inherited)";
				SWIFT_OPTIMIZATION_LEVEL = "-Onone";
			};
			name = Debug;
		};
		FF81EB382BC5480200D6C7E6 /* Release */ = {
			isa = XCBuildConfiguration;
			buildSettings = {
				ALWAYS_SEARCH_USER_PATHS = NO;
				ASSETCATALOG_COMPILER_GENERATE_SWIFT_ASSET_SYMBOL_EXTENSIONS = YES;
				CLANG_ANALYZER_NONNULL = YES;
				CLANG_ANALYZER_NUMBER_OBJECT_CONVERSION = YES_AGGRESSIVE;
				CLANG_CXX_LANGUAGE_STANDARD = "gnu++20";
				CLANG_ENABLE_MODULES = YES;
				CLANG_ENABLE_OBJC_ARC = YES;
				CLANG_ENABLE_OBJC_WEAK = YES;
				CLANG_WARN_BLOCK_CAPTURE_AUTORELEASING = YES;
				CLANG_WARN_BOOL_CONVERSION = YES;
				CLANG_WARN_COMMA = YES;
				CLANG_WARN_CONSTANT_CONVERSION = YES;
				CLANG_WARN_DEPRECATED_OBJC_IMPLEMENTATIONS = YES;
				CLANG_WARN_DIRECT_OBJC_ISA_USAGE = YES_ERROR;
				CLANG_WARN_DOCUMENTATION_COMMENTS = YES;
				CLANG_WARN_EMPTY_BODY = YES;
				CLANG_WARN_ENUM_CONVERSION = YES;
				CLANG_WARN_INFINITE_RECURSION = YES;
				CLANG_WARN_INT_CONVERSION = YES;
				CLANG_WARN_NON_LITERAL_NULL_CONVERSION = YES;
				CLANG_WARN_OBJC_IMPLICIT_RETAIN_SELF = YES;
				CLANG_WARN_OBJC_LITERAL_CONVERSION = YES;
				CLANG_WARN_OBJC_ROOT_CLASS = YES_ERROR;
				CLANG_WARN_QUOTED_INCLUDE_IN_FRAMEWORK_HEADER = YES;
				CLANG_WARN_RANGE_LOOP_ANALYSIS = YES;
				CLANG_WARN_STRICT_PROTOTYPES = YES;
				CLANG_WARN_SUSPICIOUS_MOVE = YES;
				CLANG_WARN_UNGUARDED_AVAILABILITY = YES_AGGRESSIVE;
				CLANG_WARN_UNREACHABLE_CODE = YES;
				CLANG_WARN__DUPLICATE_METHOD_MATCH = YES;
				COPY_PHASE_STRIP = NO;
				DEBUG_INFORMATION_FORMAT = "dwarf-with-dsym";
				ENABLE_NS_ASSERTIONS = NO;
				ENABLE_STRICT_OBJC_MSGSEND = YES;
				ENABLE_USER_SCRIPT_SANDBOXING = YES;
				GCC_C_LANGUAGE_STANDARD = gnu17;
				GCC_NO_COMMON_BLOCKS = YES;
				GCC_WARN_64_TO_32_BIT_CONVERSION = YES;
				GCC_WARN_ABOUT_RETURN_TYPE = YES_ERROR;
				GCC_WARN_UNDECLARED_SELECTOR = YES;
				GCC_WARN_UNINITIALIZED_AUTOS = YES_AGGRESSIVE;
				GCC_WARN_UNUSED_FUNCTION = YES;
				GCC_WARN_UNUSED_VARIABLE = YES;
				IPHONEOS_DEPLOYMENT_TARGET = 17.2;
				LOCALIZATION_PREFERS_STRING_CATALOGS = YES;
				MTL_ENABLE_DEBUG_INFO = NO;
				MTL_FAST_MATH = YES;
				SDKROOT = iphoneos;
				SWIFT_COMPILATION_MODE = wholemodule;
				VALIDATE_PRODUCT = YES;
			};
			name = Release;
		};
		FF81EB3A2BC5480200D6C7E6 /* Debug */ = {
			isa = XCBuildConfiguration;
			buildSettings = {
				ASSETCATALOG_COMPILER_APPICON_NAME = AppIcon;
				ASSETCATALOG_COMPILER_GLOBAL_ACCENT_COLOR_NAME = AccentColor;
				CODE_SIGN_STYLE = Automatic;
				CURRENT_PROJECT_VERSION = 1;
				DEVELOPMENT_ASSET_PATHS = "\"Charts-SwiftUI/Preview Content\"";
				ENABLE_PREVIEWS = YES;
				GENERATE_INFOPLIST_FILE = YES;
				INFOPLIST_KEY_UIApplicationSceneManifest_Generation = YES;
				INFOPLIST_KEY_UIApplicationSupportsIndirectInputEvents = YES;
				INFOPLIST_KEY_UILaunchScreen_Generation = YES;
				INFOPLIST_KEY_UISupportedInterfaceOrientations_iPad = "UIInterfaceOrientationPortrait UIInterfaceOrientationPortraitUpsideDown UIInterfaceOrientationLandscapeLeft UIInterfaceOrientationLandscapeRight";
				INFOPLIST_KEY_UISupportedInterfaceOrientations_iPhone = "UIInterfaceOrientationPortrait UIInterfaceOrientationLandscapeLeft UIInterfaceOrientationLandscapeRight";
				LD_RUNPATH_SEARCH_PATHS = (
					"$(inherited)",
					"@executable_path/Frameworks",
				);
				MARKETING_VERSION = 1.0;
				PRODUCT_BUNDLE_IDENTIFIER = "jana.Charts-SwiftUI";
				PRODUCT_NAME = "$(TARGET_NAME)";
				SWIFT_EMIT_LOC_STRINGS = YES;
				SWIFT_VERSION = 5.0;
				TARGETED_DEVICE_FAMILY = "1,2";
			};
			name = Debug;
		};
		FF81EB3B2BC5480200D6C7E6 /* Release */ = {
			isa = XCBuildConfiguration;
			buildSettings = {
				ASSETCATALOG_COMPILER_APPICON_NAME = AppIcon;
				ASSETCATALOG_COMPILER_GLOBAL_ACCENT_COLOR_NAME = AccentColor;
				CODE_SIGN_STYLE = Automatic;
				CURRENT_PROJECT_VERSION = 1;
				DEVELOPMENT_ASSET_PATHS = "\"Charts-SwiftUI/Preview Content\"";
				ENABLE_PREVIEWS = YES;
				GENERATE_INFOPLIST_FILE = YES;
				INFOPLIST_KEY_UIApplicationSceneManifest_Generation = YES;
				INFOPLIST_KEY_UIApplicationSupportsIndirectInputEvents = YES;
				INFOPLIST_KEY_UILaunchScreen_Generation = YES;
				INFOPLIST_KEY_UISupportedInterfaceOrientations_iPad = "UIInterfaceOrientationPortrait UIInterfaceOrientationPortraitUpsideDown UIInterfaceOrientationLandscapeLeft UIInterfaceOrientationLandscapeRight";
				INFOPLIST_KEY_UISupportedInterfaceOrientations_iPhone = "UIInterfaceOrientationPortrait UIInterfaceOrientationLandscapeLeft UIInterfaceOrientationLandscapeRight";
				LD_RUNPATH_SEARCH_PATHS = (
					"$(inherited)",
					"@executable_path/Frameworks",
				);
				MARKETING_VERSION = 1.0;
				PRODUCT_BUNDLE_IDENTIFIER = "jana.Charts-SwiftUI";
				PRODUCT_NAME = "$(TARGET_NAME)";
				SWIFT_EMIT_LOC_STRINGS = YES;
				SWIFT_VERSION = 5.0;
				TARGETED_DEVICE_FAMILY = "1,2";
			};
			name = Release;
		};
		FF81EB3D2BC5480200D6C7E6 /* Debug */ = {
			isa = XCBuildConfiguration;
			buildSettings = {
				ALWAYS_EMBED_SWIFT_STANDARD_LIBRARIES = YES;
				BUNDLE_LOADER = "$(TEST_HOST)";
				CODE_SIGN_STYLE = Automatic;
				CURRENT_PROJECT_VERSION = 1;
				GENERATE_INFOPLIST_FILE = YES;
				IPHONEOS_DEPLOYMENT_TARGET = 17.2;
				MARKETING_VERSION = 1.0;
				PRODUCT_BUNDLE_IDENTIFIER = "jana.Charts-SwiftUITests";
				PRODUCT_NAME = "$(TARGET_NAME)";
				SWIFT_EMIT_LOC_STRINGS = NO;
				SWIFT_VERSION = 5.0;
				TARGETED_DEVICE_FAMILY = "1,2";
				TEST_HOST = "$(BUILT_PRODUCTS_DIR)/Charts-SwiftUI.app/$(BUNDLE_EXECUTABLE_FOLDER_PATH)/Charts-SwiftUI";
			};
			name = Debug;
		};
		FF81EB3E2BC5480200D6C7E6 /* Release */ = {
			isa = XCBuildConfiguration;
			buildSettings = {
				ALWAYS_EMBED_SWIFT_STANDARD_LIBRARIES = YES;
				BUNDLE_LOADER = "$(TEST_HOST)";
				CODE_SIGN_STYLE = Automatic;
				CURRENT_PROJECT_VERSION = 1;
				GENERATE_INFOPLIST_FILE = YES;
				IPHONEOS_DEPLOYMENT_TARGET = 17.2;
				MARKETING_VERSION = 1.0;
				PRODUCT_BUNDLE_IDENTIFIER = "jana.Charts-SwiftUITests";
				PRODUCT_NAME = "$(TARGET_NAME)";
				SWIFT_EMIT_LOC_STRINGS = NO;
				SWIFT_VERSION = 5.0;
				TARGETED_DEVICE_FAMILY = "1,2";
				TEST_HOST = "$(BUILT_PRODUCTS_DIR)/Charts-SwiftUI.app/$(BUNDLE_EXECUTABLE_FOLDER_PATH)/Charts-SwiftUI";
			};
			name = Release;
		};
		FF81EB402BC5480200D6C7E6 /* Debug */ = {
			isa = XCBuildConfiguration;
			buildSettings = {
				ALWAYS_EMBED_SWIFT_STANDARD_LIBRARIES = YES;
				CODE_SIGN_STYLE = Automatic;
				CURRENT_PROJECT_VERSION = 1;
				GENERATE_INFOPLIST_FILE = YES;
				MARKETING_VERSION = 1.0;
				PRODUCT_BUNDLE_IDENTIFIER = "jana.Charts-SwiftUIUITests";
				PRODUCT_NAME = "$(TARGET_NAME)";
				SWIFT_EMIT_LOC_STRINGS = NO;
				SWIFT_VERSION = 5.0;
				TARGETED_DEVICE_FAMILY = "1,2";
				TEST_TARGET_NAME = "Charts-SwiftUI";
			};
			name = Debug;
		};
		FF81EB412BC5480200D6C7E6 /* Release */ = {
			isa = XCBuildConfiguration;
			buildSettings = {
				ALWAYS_EMBED_SWIFT_STANDARD_LIBRARIES = YES;
				CODE_SIGN_STYLE = Automatic;
				CURRENT_PROJECT_VERSION = 1;
				GENERATE_INFOPLIST_FILE = YES;
				MARKETING_VERSION = 1.0;
				PRODUCT_BUNDLE_IDENTIFIER = "jana.Charts-SwiftUIUITests";
				PRODUCT_NAME = "$(TARGET_NAME)";
				SWIFT_EMIT_LOC_STRINGS = NO;
				SWIFT_VERSION = 5.0;
				TARGETED_DEVICE_FAMILY = "1,2";
				TEST_TARGET_NAME = "Charts-SwiftUI";
			};
			name = Release;
		};
/* End XCBuildConfiguration section */

/* Begin XCConfigurationList section */
		FF81EB102BC5480000D6C7E6 /* Build configuration list for PBXProject "Charts-SwiftUI" */ = {
			isa = XCConfigurationList;
			buildConfigurations = (
				FF81EB372BC5480200D6C7E6 /* Debug */,
				FF81EB382BC5480200D6C7E6 /* Release */,
			);
			defaultConfigurationIsVisible = 0;
			defaultConfigurationName = Release;
		};
		FF81EB392BC5480200D6C7E6 /* Build configuration list for PBXNativeTarget "Charts-SwiftUI" */ = {
			isa = XCConfigurationList;
			buildConfigurations = (
				FF81EB3A2BC5480200D6C7E6 /* Debug */,
				FF81EB3B2BC5480200D6C7E6 /* Release */,
			);
			defaultConfigurationIsVisible = 0;
			defaultConfigurationName = Release;
		};
		FF81EB3C2BC5480200D6C7E6 /* Build configuration list for PBXNativeTarget "Charts-SwiftUITests" */ = {
			isa = XCConfigurationList;
			buildConfigurations = (
				FF81EB3D2BC5480200D6C7E6 /* Debug */,
				FF81EB3E2BC5480200D6C7E6 /* Release */,
			);
			defaultConfigurationIsVisible = 0;
			defaultConfigurationName = Release;
		};
		FF81EB3F2BC5480200D6C7E6 /* Build configuration list for PBXNativeTarget "Charts-SwiftUIUITests" */ = {
			isa = XCConfigurationList;
			buildConfigurations = (
				FF81EB402BC5480200D6C7E6 /* Debug */,
				FF81EB412BC5480200D6C7E6 /* Release */,
			);
			defaultConfigurationIsVisible = 0;
			defaultConfigurationName = Release;
		};
/* End XCConfigurationList section */
	};
	rootObject = FF81EB0D2BC5480000D6C7E6 /* Project object */;
}
